<?xml version="1.0" encoding="utf-8"?>
<Project ToolsVersion="4.0" xmlns="http://schemas.microsoft.com/developer/msbuild/2003">
  <ItemGroup>
    <Filter Include="Source Files">
      <UniqueIdentifier>{4FC737F1-C7A5-4376-A066-2A32D752A2FF}</UniqueIdentifier>
      <Extensions>cpp;c;cc;cxx;def;odl;idl;hpj;bat;asm;asmx</Extensions>
    </Filter>
    <Filter Include="Header Files">
      <UniqueIdentifier>{93995380-89BD-4b04-88EB-625FBE52EBFB}</UniqueIdentifier>
      <Extensions>h;hh;hpp;hxx;hm;inl;inc;xsd</Extensions>
    </Filter>
    <Filter Include="Resource Files">
      <UniqueIdentifier>{67DA6AB6-F800-4c08-8B7A-83BB121AAD01}</UniqueIdentifier>
      <Extensions>rc;ico;cur;bmp;dlg;rc2;rct;bin;rgs;gif;jpg;jpeg;jpe;resx;tiff;tif;png;wav;mfcribbon-ms</Extensions>
    </Filter>
  </ItemGroup>
  <ItemGroup>
    <Text Include="ReadMe.txt" />
  </ItemGroup>
  <ItemGroup>
    <ClInclude Include="MDomQuaChkSys.h">
      <Filter>Header Files</Filter>
    </ClInclude>
    <ClInclude Include="stdafx.h">
      <Filter>Header Files</Filter>
    </ClInclude>
    <ClInclude Include="targetver.h">
      <Filter>Header Files</Filter>
    </ClInclude>
    <ClInclude Include="MainFrm.h">
      <Filter>Header Files</Filter>
    </ClInclude>
    <ClInclude Include="MDomQuaChkSysDoc.h">
      <Filter>Header Files</Filter>
    </ClInclude>
    <ClInclude Include="MDomQuaChkSysView.h">
      <Filter>Header Files</Filter>
    </ClInclude>
    <ClInclude Include="Resource.h">
      <Filter>Header Files</Filter>
    </ClInclude>
    <ClInclude Include="OutputWnd.h">
      <Filter>Header Files</Filter>
    </ClInclude>
    <ClInclude Include="PropertiesWnd.h">
      <Filter>Header Files</Filter>
    </ClInclude>
    <ClInclude Include="ChartAxis.h">
      <Filter>Header Files</Filter>
    </ClInclude>
    <ClInclude Include="ChartAxisLabel.h">
      <Filter>Header Files</Filter>
    </ClInclude>
    <ClInclude Include="ChartBarSerie.h">
      <Filter>Header Files</Filter>
    </ClInclude>
    <ClInclude Include="ChartCtrl.h">
      <Filter>Header Files</Filter>
    </ClInclude>
    <ClInclude Include="ChartGradient.h">
      <Filter>Header Files</Filter>
    </ClInclude>
    <ClInclude Include="ChartGrid.h">
      <Filter>Header Files</Filter>
    </ClInclude>
    <ClInclude Include="ChartLegend.h">
      <Filter>Header Files</Filter>
    </ClInclude>
    <ClInclude Include="ChartLineSerie.h">
      <Filter>Header Files</Filter>
    </ClInclude>
    <ClInclude Include="ChartObject.h">
      <Filter>Header Files</Filter>
    </ClInclude>
    <ClInclude Include="ChartPointsSerie.h">
      <Filter>Header Files</Filter>
    </ClInclude>
    <ClInclude Include="ChartScrollBar.h">
      <Filter>Header Files</Filter>
    </ClInclude>
    <ClInclude Include="ChartSerie.h">
      <Filter>Header Files</Filter>
    </ClInclude>
    <ClInclude Include="ChartString.h">
      <Filter>Header Files</Filter>
    </ClInclude>
    <ClInclude Include="ChartSurfaceSerie.h">
      <Filter>Header Files</Filter>
    </ClInclude>
    <ClInclude Include="ChartTitle.h">
      <Filter>Header Files</Filter>
    </ClInclude>
    <ClInclude Include="GradientProgressCtrl.h">
      <Filter>Header Files</Filter>
    </ClInclude>
    <ClInclude Include="SplashWnd.h">
      <Filter>Header Files</Filter>
    </ClInclude>
    <ClInclude Include="MyFunctions.h">
      <Filter>Header Files</Filter>
    </ClInclude>
    <ClInclude Include="MNewPrjDlg.h">
      <Filter>Header Files</Filter>
    </ClInclude>
    <ClInclude Include="MyViewerRender.h">
      <Filter>Header Files</Filter>
    </ClInclude>
    <ClInclude Include="MultiThreadFuns.h">
      <Filter>Header Files</Filter>
    </ClInclude>
    <ClInclude Include="MyTreeCtrl.h">
      <Filter>Header Files</Filter>
    </ClInclude>
    <ClInclude Include="MySourceDataWnd.h">
      <Filter>Header Files</Filter>
    </ClInclude>
    <ClInclude Include="MyMFCPropertyGridCtrl.h">
      <Filter>Header Files</Filter>
    </ClInclude>
    <ClInclude Include="MyImgViewWnd.h">
      <Filter>Header Files</Filter>
    </ClInclude>
    <ClInclude Include="MyMatchPtChartWnd.h">
      <Filter>Header Files</Filter>
    </ClInclude>
    <ClInclude Include="MyListCtrl.h">
      <Filter>Header Files</Filter>
    </ClInclude>
    <ClInclude Include="MyMFCTabCtrl.h">
      <Filter>Header Files</Filter>
    </ClInclude>
    <ClInclude Include="MyMatchPointChartDlg.h">
      <Filter>Header Files</Filter>
    </ClInclude>
    <ClInclude Include="MyDockablePane.h">
      <Filter>Header Files</Filter>
    </ClInclude>
    <ClInclude Include="MyMFCRibbonBar.h">
      <Filter>Header Files</Filter>
    </ClInclude>
  </ItemGroup>
  <ItemGroup>
    <ClCompile Include="MDomQuaChkSys.cpp">
      <Filter>Source Files</Filter>
    </ClCompile>
    <ClCompile Include="stdafx.cpp">
      <Filter>Source Files</Filter>
    </ClCompile>
    <ClCompile Include="MainFrm.cpp">
      <Filter>Source Files</Filter>
    </ClCompile>
    <ClCompile Include="MDomQuaChkSysDoc.cpp">
      <Filter>Source Files</Filter>
    </ClCompile>
    <ClCompile Include="MDomQuaChkSysView.cpp">
      <Filter>Source Files</Filter>
    </ClCompile>
    <ClCompile Include="OutputWnd.cpp">
      <Filter>Source Files</Filter>
    </ClCompile>
    <ClCompile Include="PropertiesWnd.cpp">
      <Filter>Source Files</Filter>
    </ClCompile>
    <ClCompile Include="ChartAxis.cpp">
      <Filter>Source Files</Filter>
    </ClCompile>
    <ClCompile Include="ChartAxisLabel.cpp">
      <Filter>Source Files</Filter>
    </ClCompile>
    <ClCompile Include="ChartBarSerie.cpp">
      <Filter>Source Files</Filter>
    </ClCompile>
    <ClCompile Include="ChartCtrl.cpp">
      <Filter>Source Files</Filter>
    </ClCompile>
    <ClCompile Include="ChartGradient.cpp">
      <Filter>Source Files</Filter>
    </ClCompile>
    <ClCompile Include="ChartGrid.cpp">
      <Filter>Source Files</Filter>
    </ClCompile>
    <ClCompile Include="ChartLegend.cpp">
      <Filter>Source Files</Filter>
    </ClCompile>
    <ClCompile Include="ChartLineSerie.cpp">
      <Filter>Source Files</Filter>
    </ClCompile>
    <ClCompile Include="ChartObject.cpp">
      <Filter>Source Files</Filter>
    </ClCompile>
    <ClCompile Include="ChartPointsSerie.cpp">
      <Filter>Source Files</Filter>
    </ClCompile>
    <ClCompile Include="ChartScrollBar.cpp">
      <Filter>Source Files</Filter>
    </ClCompile>
    <ClCompile Include="ChartSerie.cpp">
      <Filter>Source Files</Filter>
    </ClCompile>
    <ClCompile Include="ChartSurfaceSerie.cpp">
      <Filter>Source Files</Filter>
    </ClCompile>
    <ClCompile Include="ChartTitle.cpp">
      <Filter>Source Files</Filter>
    </ClCompile>
    <ClCompile Include="GradientProgressCtrl.cpp">
      <Filter>Source Files</Filter>
    </ClCompile>
    <ClCompile Include="SplashWnd.cpp">
      <Filter>Source Files</Filter>
    </ClCompile>
    <ClCompile Include="MyFunctions.cpp">
      <Filter>Source Files</Filter>
    </ClCompile>
    <ClCompile Include="MNewPrjDlg.cpp">
      <Filter>Source Files</Filter>
    </ClCompile>
    <ClCompile Include="MyViewerRender.cpp">
      <Filter>Source Files</Filter>
    </ClCompile>
    <ClCompile Include="MultiThreadFuns.cpp">
      <Filter>Source Files</Filter>
    </ClCompile>
    <ClCompile Include="MyTreeCtrl.cpp">
      <Filter>Source Files</Filter>
    </ClCompile>
    <ClCompile Include="MySourceDataWnd.cpp">
      <Filter>Source Files</Filter>
    </ClCompile>
    <ClCompile Include="MyMFCPropertyGridCtrl.cpp">
      <Filter>Source Files</Filter>
    </ClCompile>
    <ClCompile Include="MyImgViewWnd.cpp">
      <Filter>Source Files</Filter>
    </ClCompile>
    <ClCompile Include="MyMatchPtChartWnd.cpp">
      <Filter>Source Files</Filter>
    </ClCompile>
    <ClCompile Include="MyListCtrl.cpp">
      <Filter>Source Files</Filter>
    </ClCompile>
    <ClCompile Include="MyMFCTabCtrl.cpp">
      <Filter>Source Files</Filter>
    </ClCompile>
    <ClCompile Include="MyMatchPointChartDlg.cpp">
      <Filter>Source Files</Filter>
    </ClCompile>
    <ClCompile Include="MyDockablePane.cpp">
      <Filter>Source Files</Filter>
    </ClCompile>
    <ClCompile Include="MyMFCRibbonBar.cpp">
      <Filter>Source Files</Filter>
    </ClCompile>
  </ItemGroup>
  <ItemGroup>
    <ResourceCompile Include="MDomQuaChkSys.rc">
      <Filter>Resource Files</Filter>
    </ResourceCompile>
  </ItemGroup>
  <ItemGroup>
    <Image Include="res\output_wnd.ico">
      <Filter>Resource Files</Filter>
    </Image>
    <Image Include="res\output_wnd_hc.ico">
      <Filter>Resource Files</Filter>
    </Image>
    <Image Include="res\properties_wnd.ico">
      <Filter>Resource Files</Filter>
    </Image>
    <Image Include="res\properties_wnd_hc.ico">
      <Filter>Resource Files</Filter>
    </Image>
    <Image Include="res\properties.bmp">
      <Filter>Resource Files</Filter>
    </Image>
    <Image Include="res\properties_hc.bmp">
      <Filter>Resource Files</Filter>
    </Image>
    <Image Include="res\nav_large.bmp">
      <Filter>Resource Files</Filter>
    </Image>
    <Image Include="res\nav_large_hc.bmp">
      <Filter>Resource Files</Filter>
    </Image>
    <Image Include="res\pages.bmp">
      <Filter>Resource Files</Filter>
    </Image>
    <Image Include="res\pages_hc.bmp">
      <Filter>Resource Files</Filter>
    </Image>
    <Image Include="res\pages_small.bmp">
      <Filter>Resource Files</Filter>
    </Image>
    <Image Include="res\pages_small_hc.bmp">
      <Filter>Resource Files</Filter>
    </Image>
    <Image Include="res\info.bmp">
      <Filter>Resource Files</Filter>
    </Image>
    <Image Include="res\buttons.bmp">
      <Filter>Resource Files</Filter>
    </Image>
    <Image Include="res\filelarge.bmp">
      <Filter>Resource Files</Filter>
    </Image>
    <Image Include="res\filesmall.bmp">
      <Filter>Resource Files</Filter>
    </Image>
    <Image Include="res\main.bmp">
      <Filter>Resource Files</Filter>
    </Image>
    <Image Include="res\writelarge.bmp">
      <Filter>Resource Files</Filter>
    </Image>
    <Image Include="res\writesmall.bmp">
      <Filter>Resource Files</Filter>
    </Image>
    <Image Include="res\MDomQuaChkSysDoc.ico">
      <Filter>Resource Files</Filter>
    </Image>
    <Image Include="res\MDomQuaChkSys.ico">
      <Filter>Resource Files</Filter>
    </Image>
    <Image Include="res\Toolbar.bmp">
      <Filter>Resource Files</Filter>
    </Image>
    <Image Include="res\Toolbar256.bmp">
      <Filter>Resource Files</Filter>
    </Image>
  </ItemGroup>
  <ItemGroup>
    <None Include="res\ribbon.mfcribbon-ms">
      <Filter>Resource Files</Filter>
    </None>
    <None Include="res\MDomQuaChkSys.rc2">
      <Filter>Resource Files</Filter>
    </None>
    <None Include="res\VE_SIZEB.CUR">
      <Filter>Resource Files</Filter>
    </None>
    <None Include="res\VE_SPLIT.CUR">
      <Filter>Resource Files</Filter>
    </None>
    <None Include="res\RibbonBmpLarge.bmp">
      <Filter>Resource Files</Filter>
    </None>
    <None Include="res\RibbonBmpSmall.bmp">
      <Filter>Resource Files</Filter>
    </None>
  </ItemGroup>
</Project>